
Microsoft Visual Studio Solution File, Format Version 12.00
# Visual Studio Version 17
VisualStudioVersion = 17.14.36414.22 d17.14
MinimumVisualStudioVersion = 10.0.40219.1
Project("{FAE04EC0-301F-11D3-BF4B-00C04F79EFBC}") = "UniversidadDos", "UniversidadDos\UniversidadDos.csproj", "{17F359DE-1133-4325-B436-13E3F01A75B0}"
EndProject
Global
	GlobalSection(SolutionConfigurationPlatforms) = preSolution
		Debug|Any CPU = Debug|Any CPU
		Release|Any CPU = Release|Any CPU
	EndGlobalSection
	GlobalSection(ProjectConfigurationPlatforms) = postSolution
		{17F359DE-1133-4325-B436-13E3F01A75B0}.Debug|Any CPU.ActiveCfg = Debug|Any CPU
		{17F359DE-1133-4325-B436-13E3F01A75B0}.Debug|Any CPU.Build.0 = Debug|Any CPU
		{17F359DE-1133-4325-B436-13E3F01A75B0}.Release|Any CPU.ActiveCfg = Release|Any CPU
		{17F359DE-1133-4325-B436-13E3F01A75B0}.Release|Any CPU.Build.0 = Release|Any CPU
	EndGlobalSection
	GlobalSection(SolutionProperties) = preSolution
		HideSolutionNode = FALSE
	EndGlobalSection
	GlobalSection(ExtensibilityGlobals) = postSolution
		SolutionGuid = {3E5B9866-163E-483D-AAE5-796A6AC63CCB}
	EndGlobalSection
EndGlobal
